
Microsoft Visual Studio Solution File, Format Version 12.00
# Visual Studio Version 16
VisualStudioVersion = 16.0.33529.622
MinimumVisualStudioVersion = 10.0.40219.1
Project("{8BC9CEB8-8B4A-11D0-8D11-00A0C91BC942}") = "Project1", "Project1\Project1.vcxproj", "{F4600ACA-42CE-468D-AA40-4C3D87255EC1}"
EndProject
Global
	GlobalSection(SolutionConfigurationPlatforms) = preSolution
		Debug|x64 = Debug|x64
		Debug|x86 = Debug|x86
		Release|x64 = Release|x64
		Release|x86 = Release|x86
	EndGlobalSection
	GlobalSection(ProjectConfigurationPlatforms) = postSolution
		{F4600ACA-42CE-468D-AA40-4C3D87255EC1}.Debug|x64.ActiveCfg = Debug|x64
		{F4600ACA-42CE-468D-AA40-4C3D87255EC1}.Debug|x64.Build.0 = Debug|x64
		{F4600ACA-42CE-468D-AA40-4C3D87255EC1}.Debug|x86.ActiveCfg = Debug|Win32
		{F4600ACA-42CE-468D-AA40-4C3D87255EC1}.Debug|x86.Build.0 = Debug|Win32
		{F4600ACA-42CE-468D-AA40-4C3D87255EC1}.Release|x64.ActiveCfg = Release|x64
		{F4600ACA-42CE-468D-AA40-4C3D87255EC1}.Release|x64.Build.0 = Release|x64
		{F4600ACA-42CE-468D-AA40-4C3D87255EC1}.Release|x86.ActiveCfg = Release|Win32
		{F4600ACA-42CE-468D-AA40-4C3D87255EC1}.Release|x86.Build.0 = Release|Win32
	EndGlobalSection
	GlobalSection(SolutionProperties) = preSolution
		HideSolutionNode = FALSE
	EndGlobalSection
	GlobalSection(ExtensibilityGlobals) = postSolution
		SolutionGuid = {AAD3F1FD-F6B0-454A-9DE9-6CD7FA0CC2D5}
	EndGlobalSection
EndGlobal
